{
  "pins" : [
    {
      "identity" : "nanoid",
      "kind" : "remoteSourceControl",
      "location" : "https://github.com/ellliott/NanoID.git",
      "state" : {
        "branch" : "master",
        "revision" : "4458cf4e42d02fb0628faec39bd2214a3cfc49b1"
      }
    },
    {
      "identity" : "viewanimator",
      "kind" : "remoteSourceControl",
      "location" : "https://github.com/marcosgriselli/ViewAnimator.git",
      "state" : {
        "revision" : "55f1c46241b181c3e0b68d70edb6d87926c7d183",
        "version" : "3.1.0"
      }
    }
  ],
  "version" : 2
}
