// !$*UTF8*$!
{
	archiveVersion = 1;
	classes = {
	};
	objectVersion = 55;
	objects = {

/* Begin PBXBuildFile section */
		93323017283909520017AF7F /* DataController.swift in Sources */ = {isa = PBXBuildFile; fileRef = 93323016283909520017AF7F /* DataController.swift */; };
		9332301A28390E370017AF7F /* MapViewController+Gestures.swift in Sources */ = {isa = PBXBuildFile; fileRef = 9332301928390E370017AF7F /* MapViewController+Gestures.swift */; };
		9332301C28390F000017AF7F /* MapViewController+MapViewDelegate.swift in Sources */ = {isa = PBXBuildFile; fileRef = 9332301B28390F000017AF7F /* MapViewController+MapViewDelegate.swift */; };
		9332301E28390F980017AF7F /* MapViewController+Utilities.swift in Sources */ = {isa = PBXBuildFile; fileRef = 9332301D28390F980017AF7F /* MapViewController+Utilities.swift */; };
		93323020283915860017AF7F /* MapViewController+ViewModel.swift in Sources */ = {isa = PBXBuildFile; fileRef = 9332301F283915860017AF7F /* MapViewController+ViewModel.swift */; };
		93323026283925BC0017AF7F /* NanoID in Frameworks */ = {isa = PBXBuildFile; productRef = 93323025283925BC0017AF7F /* NanoID */; };
		9332302828396E6E0017AF7F /* TableViewController.swift in Sources */ = {isa = PBXBuildFile; fileRef = 9332302728396E6E0017AF7F /* TableViewController.swift */; };
		9332302A2839967B0017AF7F /* MapViewController+CoreData+Notifications.swift in Sources */ = {isa = PBXBuildFile; fileRef = 933230292839967B0017AF7F /* MapViewController+CoreData+Notifications.swift */; };
		9332302D2839A4550017AF7F /* AddCardsViewController+SelectableCardDataSource.swift in Sources */ = {isa = PBXBuildFile; fileRef = 9332302C2839A4550017AF7F /* AddCardsViewController+SelectableCardDataSource.swift */; };
		93656E042836351C0003B17A /* AddCardsViewController.swift in Sources */ = {isa = PBXBuildFile; fileRef = 93656E032836351C0003B17A /* AddCardsViewController.swift */; };
		93656E07283654400003B17A /* ShowError.swift in Sources */ = {isa = PBXBuildFile; fileRef = 93656E06283654400003B17A /* ShowError.swift */; };
		93656E0928365C1F0003B17A /* GetInfoRespone.swift in Sources */ = {isa = PBXBuildFile; fileRef = 93656E0828365C1F0003B17A /* GetInfoRespone.swift */; };
		93656E0B28365E4D0003B17A /* FetchImage.swift in Sources */ = {isa = PBXBuildFile; fileRef = 93656E0A28365E4D0003B17A /* FetchImage.swift */; };
		938E1FAF28338EF4007EAB79 /* AppDelegate.swift in Sources */ = {isa = PBXBuildFile; fileRef = 938E1FAE28338EF4007EAB79 /* AppDelegate.swift */; };
		938E1FB128338EF4007EAB79 /* SceneDelegate.swift in Sources */ = {isa = PBXBuildFile; fileRef = 938E1FB028338EF4007EAB79 /* SceneDelegate.swift */; };
		938E1FB328338EF4007EAB79 /* ViewController.swift in Sources */ = {isa = PBXBuildFile; fileRef = 938E1FB228338EF4007EAB79 /* ViewController.swift */; };
		938E1FB628338EF4007EAB79 /* Main.storyboard in Resources */ = {isa = PBXBuildFile; fileRef = 938E1FB428338EF4007EAB79 /* Main.storyboard */; };
		938E1FB928338EF4007EAB79 /* VirtualTourist.xcdatamodeld in Sources */ = {isa = PBXBuildFile; fileRef = 938E1FB728338EF4007EAB79 /* VirtualTourist.xcdatamodeld */; };
		938E1FBB28338EF9007EAB79 /* Assets.xcassets in Resources */ = {isa = PBXBuildFile; fileRef = 938E1FBA28338EF9007EAB79 /* Assets.xcassets */; };
		938E1FBE28338EF9007EAB79 /* LaunchScreen.storyboard in Resources */ = {isa = PBXBuildFile; fileRef = 938E1FBC28338EF9007EAB79 /* LaunchScreen.storyboard */; };
		93B02ED128339B0600B10A0E /* MapViewController.swift in Sources */ = {isa = PBXBuildFile; fileRef = 93B02ED028339B0600B10A0E /* MapViewController.swift */; };
		93D57EF52834E5D0002CD6EF /* DetailViewController.swift in Sources */ = {isa = PBXBuildFile; fileRef = 93D57EF42834E5D0002CD6EF /* DetailViewController.swift */; };
		93D57EF92834EB15002CD6EF /* FlickrConfig.swift in Sources */ = {isa = PBXBuildFile; fileRef = 93D57EF82834EB15002CD6EF /* FlickrConfig.swift */; };
		93D57EFB2834ECBD002CD6EF /* Search.swift in Sources */ = {isa = PBXBuildFile; fileRef = 93D57EFA2834ECBD002CD6EF /* Search.swift */; };
		93D57EFD2834F237002CD6EF /* SearchResponse.swift in Sources */ = {isa = PBXBuildFile; fileRef = 93D57EFC2834F237002CD6EF /* SearchResponse.swift */; };
		93F0865A283AA0DC00E3429F /* SelectableCardsView.swift in Sources */ = {isa = PBXBuildFile; fileRef = 93F08659283AA0DC00E3429F /* SelectableCardsView.swift */; };
		93F0865E283ACBA100E3429F /* SelectableCard.swift in Sources */ = {isa = PBXBuildFile; fileRef = 93F0865D283ACBA100E3429F /* SelectableCard.swift */; };
		93F08662283B861F00E3429F /* SelectableCardsView+ScrollView.swift in Sources */ = {isa = PBXBuildFile; fileRef = 93F08661283B861F00E3429F /* SelectableCardsView+ScrollView.swift */; };
		93F08664283B898200E3429F /* SelectableCardsView+Gestures.swift in Sources */ = {isa = PBXBuildFile; fileRef = 93F08663283B898200E3429F /* SelectableCardsView+Gestures.swift */; };
		93F08666283B8C8A00E3429F /* SelectableCardsView+Configure.swift in Sources */ = {isa = PBXBuildFile; fileRef = 93F08665283B8C8A00E3429F /* SelectableCardsView+Configure.swift */; };
		93F6FB5E283396B9006C55D3 /* MapNavigationViewController.swift in Sources */ = {isa = PBXBuildFile; fileRef = 93F6FB5D283396B9006C55D3 /* MapNavigationViewController.swift */; };
/* End PBXBuildFile section */

/* Begin PBXFileReference section */
		93323016283909520017AF7F /* DataController.swift */ = {isa = PBXFileReference; lastKnownFileType = sourcecode.swift; path = DataController.swift; sourceTree = "<group>"; };
		9332301928390E370017AF7F /* MapViewController+Gestures.swift */ = {isa = PBXFileReference; lastKnownFileType = sourcecode.swift; path = "MapViewController+Gestures.swift"; sourceTree = "<group>"; };
		9332301B28390F000017AF7F /* MapViewController+MapViewDelegate.swift */ = {isa = PBXFileReference; lastKnownFileType = sourcecode.swift; path = "MapViewController+MapViewDelegate.swift"; sourceTree = "<group>"; };
		9332301D28390F980017AF7F /* MapViewController+Utilities.swift */ = {isa = PBXFileReference; lastKnownFileType = sourcecode.swift; path = "MapViewController+Utilities.swift"; sourceTree = "<group>"; };
		9332301F283915860017AF7F /* MapViewController+ViewModel.swift */ = {isa = PBXFileReference; lastKnownFileType = sourcecode.swift; path = "MapViewController+ViewModel.swift"; sourceTree = "<group>"; };
		9332302728396E6E0017AF7F /* TableViewController.swift */ = {isa = PBXFileReference; lastKnownFileType = sourcecode.swift; path = TableViewController.swift; sourceTree = "<group>"; };
		933230292839967B0017AF7F /* MapViewController+CoreData+Notifications.swift */ = {isa = PBXFileReference; lastKnownFileType = sourcecode.swift; path = "MapViewController+CoreData+Notifications.swift"; sourceTree = "<group>"; };
		9332302C2839A4550017AF7F /* AddCardsViewController+SelectableCardDataSource.swift */ = {isa = PBXFileReference; lastKnownFileType = sourcecode.swift; path = "AddCardsViewController+SelectableCardDataSource.swift"; sourceTree = "<group>"; };
		93656E032836351C0003B17A /* AddCardsViewController.swift */ = {isa = PBXFileReference; lastKnownFileType = sourcecode.swift; path = AddCardsViewController.swift; sourceTree = "<group>"; };
		93656E06283654400003B17A /* ShowError.swift */ = {isa = PBXFileReference; fileEncoding = 4; lastKnownFileType = sourcecode.swift; path = ShowError.swift; sourceTree = "<group>"; };
		93656E0828365C1F0003B17A /* GetInfoRespone.swift */ = {isa = PBXFileReference; lastKnownFileType = sourcecode.swift; path = GetInfoRespone.swift; sourceTree = "<group>"; };
		93656E0A28365E4D0003B17A /* FetchImage.swift */ = {isa = PBXFileReference; lastKnownFileType = sourcecode.swift; path = FetchImage.swift; sourceTree = "<group>"; };
		938E1FAB28338EF4007EAB79 /* VirtualTourist.app */ = {isa = PBXFileReference; explicitFileType = wrapper.application; includeInIndex = 0; path = VirtualTourist.app; sourceTree = BUILT_PRODUCTS_DIR; };
		938E1FAE28338EF4007EAB79 /* AppDelegate.swift */ = {isa = PBXFileReference; lastKnownFileType = sourcecode.swift; path = AppDelegate.swift; sourceTree = "<group>"; };
		938E1FB028338EF4007EAB79 /* SceneDelegate.swift */ = {isa = PBXFileReference; lastKnownFileType = sourcecode.swift; path = SceneDelegate.swift; sourceTree = "<group>"; };
		938E1FB228338EF4007EAB79 /* ViewController.swift */ = {isa = PBXFileReference; lastKnownFileType = sourcecode.swift; path = ViewController.swift; sourceTree = "<group>"; };
		938E1FB528338EF4007EAB79 /* Base */ = {isa = PBXFileReference; lastKnownFileType = file.storyboard; name = Base; path = Base.lproj/Main.storyboard; sourceTree = "<group>"; };
		938E1FB828338EF4007EAB79 /* VirtualTourist.xcdatamodel */ = {isa = PBXFileReference; lastKnownFileType = wrapper.xcdatamodel; path = VirtualTourist.xcdatamodel; sourceTree = "<group>"; };
		938E1FBA28338EF9007EAB79 /* Assets.xcassets */ = {isa = PBXFileReference; lastKnownFileType = folder.assetcatalog; path = Assets.xcassets; sourceTree = "<group>"; };
		938E1FBD28338EF9007EAB79 /* Base */ = {isa = PBXFileReference; lastKnownFileType = file.storyboard; name = Base; path = Base.lproj/LaunchScreen.storyboard; sourceTree = "<group>"; };
		938E1FBF28338EF9007EAB79 /* Info.plist */ = {isa = PBXFileReference; lastKnownFileType = text.plist.xml; path = Info.plist; sourceTree = "<group>"; };
		93B02ED028339B0600B10A0E /* MapViewController.swift */ = {isa = PBXFileReference; lastKnownFileType = sourcecode.swift; path = MapViewController.swift; sourceTree = "<group>"; };
		93D57EF42834E5D0002CD6EF /* DetailViewController.swift */ = {isa = PBXFileReference; lastKnownFileType = sourcecode.swift; path = DetailViewController.swift; sourceTree = "<group>"; };
		93D57EF82834EB15002CD6EF /* FlickrConfig.swift */ = {isa = PBXFileReference; lastKnownFileType = sourcecode.swift; path = FlickrConfig.swift; sourceTree = "<group>"; };
		93D57EFA2834ECBD002CD6EF /* Search.swift */ = {isa = PBXFileReference; lastKnownFileType = sourcecode.swift; path = Search.swift; sourceTree = "<group>"; };
		93D57EFC2834F237002CD6EF /* SearchResponse.swift */ = {isa = PBXFileReference; lastKnownFileType = sourcecode.swift; path = SearchResponse.swift; sourceTree = "<group>"; };
		93F08659283AA0DC00E3429F /* SelectableCardsView.swift */ = {isa = PBXFileReference; lastKnownFileType = sourcecode.swift; path = SelectableCardsView.swift; sourceTree = "<group>"; };
		93F0865D283ACBA100E3429F /* SelectableCard.swift */ = {isa = PBXFileReference; lastKnownFileType = sourcecode.swift; path = SelectableCard.swift; sourceTree = "<group>"; };
		93F08661283B861F00E3429F /* SelectableCardsView+ScrollView.swift */ = {isa = PBXFileReference; lastKnownFileType = sourcecode.swift; path = "SelectableCardsView+ScrollView.swift"; sourceTree = "<group>"; };
		93F08663283B898200E3429F /* SelectableCardsView+Gestures.swift */ = {isa = PBXFileReference; lastKnownFileType = sourcecode.swift; path = "SelectableCardsView+Gestures.swift"; sourceTree = "<group>"; };
		93F08665283B8C8A00E3429F /* SelectableCardsView+Configure.swift */ = {isa = PBXFileReference; lastKnownFileType = sourcecode.swift; path = "SelectableCardsView+Configure.swift"; sourceTree = "<group>"; };
		93F6FB5D283396B9006C55D3 /* MapNavigationViewController.swift */ = {isa = PBXFileReference; lastKnownFileType = sourcecode.swift; path = MapNavigationViewController.swift; sourceTree = "<group>"; };
/* End PBXFileReference section */

/* Begin PBXFrameworksBuildPhase section */
		938E1FA828338EF4007EAB79 /* Frameworks */ = {
			isa = PBXFrameworksBuildPhase;
			buildActionMask = 2147483647;
			files = (
				93323026283925BC0017AF7F /* NanoID in Frameworks */,
			);
			runOnlyForDeploymentPostprocessing = 0;
		};
/* End PBXFrameworksBuildPhase section */

/* Begin PBXGroup section */
		933230152839093E0017AF7F /* Model */ = {
			isa = PBXGroup;
			children = (
				938E1FB728338EF4007EAB79 /* VirtualTourist.xcdatamodeld */,
				93323016283909520017AF7F /* DataController.swift */,
			);
			path = Model;
			sourceTree = "<group>";
		};
		9332301828390E150017AF7F /* MapViewController */ = {
			isa = PBXGroup;
			children = (
				93B02ED028339B0600B10A0E /* MapViewController.swift */,
				9332301928390E370017AF7F /* MapViewController+Gestures.swift */,
				9332301B28390F000017AF7F /* MapViewController+MapViewDelegate.swift */,
				9332301D28390F980017AF7F /* MapViewController+Utilities.swift */,
				9332301F283915860017AF7F /* MapViewController+ViewModel.swift */,
				933230292839967B0017AF7F /* MapViewController+CoreData+Notifications.swift */,
			);
			path = MapViewController;
			sourceTree = "<group>";
		};
		9332302B2839A4390017AF7F /* AddCardsViewController */ = {
			isa = PBXGroup;
			children = (
				93656E032836351C0003B17A /* AddCardsViewController.swift */,
				9332302C2839A4550017AF7F /* AddCardsViewController+SelectableCardDataSource.swift */,
			);
			path = AddCardsViewController;
			sourceTree = "<group>";
		};
		93656E05283654300003B17A /* Util */ = {
			isa = PBXGroup;
			children = (
				93656E06283654400003B17A /* ShowError.swift */,
			);
			path = Util;
			sourceTree = "<group>";
		};
		938E1FA228338EF4007EAB79 = {
			isa = PBXGroup;
			children = (
				938E1FAD28338EF4007EAB79 /* VirtualTourist */,
				938E1FAC28338EF4007EAB79 /* Products */,
			);
			sourceTree = "<group>";
		};
		938E1FAC28338EF4007EAB79 /* Products */ = {
			isa = PBXGroup;
			children = (
				938E1FAB28338EF4007EAB79 /* VirtualTourist.app */,
			);
			name = Products;
			sourceTree = "<group>";
		};
		938E1FAD28338EF4007EAB79 /* VirtualTourist */ = {
			isa = PBXGroup;
			children = (
				93F08654283A9D7900E3429F /* SelectableCards */,
				933230152839093E0017AF7F /* Model */,
				93656E05283654300003B17A /* Util */,
				93D57EF62834EAD1002CD6EF /* Networking */,
				938E1FAE28338EF4007EAB79 /* AppDelegate.swift */,
				938E1FB028338EF4007EAB79 /* SceneDelegate.swift */,
				93F6FB5A28339548006C55D3 /* Controllers */,
				93D57EF32834E577002CD6EF /* Views */,
				938E1FBA28338EF9007EAB79 /* Assets.xcassets */,
				938E1FBF28338EF9007EAB79 /* Info.plist */,
			);
			path = VirtualTourist;
			sourceTree = "<group>";
		};
		93D57EF32834E577002CD6EF /* Views */ = {
			isa = PBXGroup;
			children = (
				938E1FBC28338EF9007EAB79 /* LaunchScreen.storyboard */,
				938E1FB428338EF4007EAB79 /* Main.storyboard */,
			);
			path = Views;
			sourceTree = "<group>";
		};
		93D57EF62834EAD1002CD6EF /* Networking */ = {
			isa = PBXGroup;
			children = (
				93D57EF72834EAE5002CD6EF /* Flickr */,
			);
			path = Networking;
			sourceTree = "<group>";
		};
		93D57EF72834EAE5002CD6EF /* Flickr */ = {
			isa = PBXGroup;
			children = (
				93D57EF82834EB15002CD6EF /* FlickrConfig.swift */,
				93D57EFA2834ECBD002CD6EF /* Search.swift */,
				93D57EFC2834F237002CD6EF /* SearchResponse.swift */,
				93656E0828365C1F0003B17A /* GetInfoRespone.swift */,
				93656E0A28365E4D0003B17A /* FetchImage.swift */,
			);
			path = Flickr;
			sourceTree = "<group>";
		};
		93F08654283A9D7900E3429F /* SelectableCards */ = {
			isa = PBXGroup;
			children = (
				93F08659283AA0DC00E3429F /* SelectableCardsView.swift */,
				93F0865D283ACBA100E3429F /* SelectableCard.swift */,
				93F08661283B861F00E3429F /* SelectableCardsView+ScrollView.swift */,
				93F08663283B898200E3429F /* SelectableCardsView+Gestures.swift */,
				93F08665283B8C8A00E3429F /* SelectableCardsView+Configure.swift */,
			);
			path = SelectableCards;
			sourceTree = "<group>";
		};
		93F6FB5A28339548006C55D3 /* Controllers */ = {
			isa = PBXGroup;
			children = (
				938E1FB228338EF4007EAB79 /* ViewController.swift */,
				93F6FB5D283396B9006C55D3 /* MapNavigationViewController.swift */,
				9332301828390E150017AF7F /* MapViewController */,
				93D57EF42834E5D0002CD6EF /* DetailViewController.swift */,
				9332302B2839A4390017AF7F /* AddCardsViewController */,
				9332302728396E6E0017AF7F /* TableViewController.swift */,
			);
			path = Controllers;
			sourceTree = "<group>";
		};
/* End PBXGroup section */

/* Begin PBXNativeTarget section */
		938E1FAA28338EF4007EAB79 /* VirtualTourist */ = {
			isa = PBXNativeTarget;
			buildConfigurationList = 938E1FC228338EF9007EAB79 /* Build configuration list for PBXNativeTarget "VirtualTourist" */;
			buildPhases = (
				938E1FA728338EF4007EAB79 /* Sources */,
				938E1FA828338EF4007EAB79 /* Frameworks */,
				938E1FA928338EF4007EAB79 /* Resources */,
			);
			buildRules = (
			);
			dependencies = (
			);
			name = VirtualTourist;
			packageProductDependencies = (
				93323025283925BC0017AF7F /* NanoID */,
			);
			productName = VirtualTourist;
			productReference = 938E1FAB28338EF4007EAB79 /* VirtualTourist.app */;
			productType = "com.apple.product-type.application";
		};
/* End PBXNativeTarget section */

/* Begin PBXProject section */
		938E1FA328338EF4007EAB79 /* Project object */ = {
			isa = PBXProject;
			attributes = {
				BuildIndependentTargetsInParallel = 1;
				LastSwiftUpdateCheck = 1330;
				LastUpgradeCheck = 1330;
				TargetAttributes = {
					938E1FAA28338EF4007EAB79 = {
						CreatedOnToolsVersion = 13.3.1;
					};
				};
			};
			buildConfigurationList = 938E1FA628338EF4007EAB79 /* Build configuration list for PBXProject "VirtualTourist" */;
			compatibilityVersion = "Xcode 13.0";
			developmentRegion = en;
			hasScannedForEncodings = 0;
			knownRegions = (
				en,
				Base,
			);
			mainGroup = 938E1FA228338EF4007EAB79;
			packageReferences = (
				93323024283925BC0017AF7F /* XCRemoteSwiftPackageReference "NanoID" */,
			);
			productRefGroup = 938E1FAC28338EF4007EAB79 /* Products */;
			projectDirPath = "";
			projectRoot = "";
			targets = (
				938E1FAA28338EF4007EAB79 /* VirtualTourist */,
			);
		};
/* End PBXProject section */

/* Begin PBXResourcesBuildPhase section */
		938E1FA928338EF4007EAB79 /* Resources */ = {
			isa = PBXResourcesBuildPhase;
			buildActionMask = 2147483647;
			files = (
				938E1FBE28338EF9007EAB79 /* LaunchScreen.storyboard in Resources */,
				938E1FBB28338EF9007EAB79 /* Assets.xcassets in Resources */,
				938E1FB628338EF4007EAB79 /* Main.storyboard in Resources */,
			);
			runOnlyForDeploymentPostprocessing = 0;
		};
/* End PBXResourcesBuildPhase section */

/* Begin PBXSourcesBuildPhase section */
		938E1FA728338EF4007EAB79 /* Sources */ = {
			isa = PBXSourcesBuildPhase;
			buildActionMask = 2147483647;
			files = (
				93656E0B28365E4D0003B17A /* FetchImage.swift in Sources */,
				93D57EFB2834ECBD002CD6EF /* Search.swift in Sources */,
				93656E07283654400003B17A /* ShowError.swift in Sources */,
				9332302828396E6E0017AF7F /* TableViewController.swift in Sources */,
				93F08664283B898200E3429F /* SelectableCardsView+Gestures.swift in Sources */,
				93323020283915860017AF7F /* MapViewController+ViewModel.swift in Sources */,
				938E1FB928338EF4007EAB79 /* VirtualTourist.xcdatamodeld in Sources */,
				938E1FB328338EF4007EAB79 /* ViewController.swift in Sources */,
				9332302D2839A4550017AF7F /* AddCardsViewController+SelectableCardDataSource.swift in Sources */,
				9332301C28390F000017AF7F /* MapViewController+MapViewDelegate.swift in Sources */,
				93F08662283B861F00E3429F /* SelectableCardsView+ScrollView.swift in Sources */,
				938E1FAF28338EF4007EAB79 /* AppDelegate.swift in Sources */,
				93F6FB5E283396B9006C55D3 /* MapNavigationViewController.swift in Sources */,
				9332301E28390F980017AF7F /* MapViewController+Utilities.swift in Sources */,
				93656E042836351C0003B17A /* AddCardsViewController.swift in Sources */,
				93F08666283B8C8A00E3429F /* SelectableCardsView+Configure.swift in Sources */,
				93F0865E283ACBA100E3429F /* SelectableCard.swift in Sources */,
				938E1FB128338EF4007EAB79 /* SceneDelegate.swift in Sources */,
				93D57EFD2834F237002CD6EF /* SearchResponse.swift in Sources */,
				93F0865A283AA0DC00E3429F /* SelectableCardsView.swift in Sources */,
				9332301A28390E370017AF7F /* MapViewController+Gestures.swift in Sources */,
				93323017283909520017AF7F /* DataController.swift in Sources */,
				93656E0928365C1F0003B17A /* GetInfoRespone.swift in Sources */,
				93D57EF92834EB15002CD6EF /* FlickrConfig.swift in Sources */,
				9332302A2839967B0017AF7F /* MapViewController+CoreData+Notifications.swift in Sources */,
				93B02ED128339B0600B10A0E /* MapViewController.swift in Sources */,
				93D57EF52834E5D0002CD6EF /* DetailViewController.swift in Sources */,
			);
			runOnlyForDeploymentPostprocessing = 0;
		};
/* End PBXSourcesBuildPhase section */

/* Begin PBXVariantGroup section */
		938E1FB428338EF4007EAB79 /* Main.storyboard */ = {
			isa = PBXVariantGroup;
			children = (
				938E1FB528338EF4007EAB79 /* Base */,
			);
			name = Main.storyboard;
			sourceTree = "<group>";
		};
		938E1FBC28338EF9007EAB79 /* LaunchScreen.storyboard */ = {
			isa = PBXVariantGroup;
			children = (
				938E1FBD28338EF9007EAB79 /* Base */,
			);
			name = LaunchScreen.storyboard;
			sourceTree = "<group>";
		};
/* End PBXVariantGroup section */

/* Begin XCBuildConfiguration section */
		938E1FC028338EF9007EAB79 /* Debug */ = {
			isa = XCBuildConfiguration;
			buildSettings = {
				ALWAYS_SEARCH_USER_PATHS = NO;
				CLANG_ANALYZER_NONNULL = YES;
				CLANG_ANALYZER_NUMBER_OBJECT_CONVERSION = YES_AGGRESSIVE;
				CLANG_CXX_LANGUAGE_STANDARD = "gnu++17";
				CLANG_ENABLE_MODULES = YES;
				CLANG_ENABLE_OBJC_ARC = YES;
				CLANG_ENABLE_OBJC_WEAK = YES;
				CLANG_WARN_BLOCK_CAPTURE_AUTORELEASING = YES;
				CLANG_WARN_BOOL_CONVERSION = YES;
				CLANG_WARN_COMMA = YES;
				CLANG_WARN_CONSTANT_CONVERSION = YES;
				CLANG_WARN_DEPRECATED_OBJC_IMPLEMENTATIONS = YES;
				CLANG_WARN_DIRECT_OBJC_ISA_USAGE = YES_ERROR;
				CLANG_WARN_DOCUMENTATION_COMMENTS = YES;
				CLANG_WARN_EMPTY_BODY = YES;
				CLANG_WARN_ENUM_CONVERSION = YES;
				CLANG_WARN_INFINITE_RECURSION = YES;
				CLANG_WARN_INT_CONVERSION = YES;
				CLANG_WARN_NON_LITERAL_NULL_CONVERSION = YES;
				CLANG_WARN_OBJC_IMPLICIT_RETAIN_SELF = YES;
				CLANG_WARN_OBJC_LITERAL_CONVERSION = YES;
				CLANG_WARN_OBJC_ROOT_CLASS = YES_ERROR;
				CLANG_WARN_QUOTED_INCLUDE_IN_FRAMEWORK_HEADER = YES;
				CLANG_WARN_RANGE_LOOP_ANALYSIS = YES;
				CLANG_WARN_STRICT_PROTOTYPES = YES;
				CLANG_WARN_SUSPICIOUS_MOVE = YES;
				CLANG_WARN_UNGUARDED_AVAILABILITY = YES_AGGRESSIVE;
				CLANG_WARN_UNREACHABLE_CODE = YES;
				CLANG_WARN__DUPLICATE_METHOD_MATCH = YES;
				COPY_PHASE_STRIP = NO;
				DEBUG_INFORMATION_FORMAT = dwarf;
				ENABLE_STRICT_OBJC_MSGSEND = YES;
				ENABLE_TESTABILITY = YES;
				GCC_C_LANGUAGE_STANDARD = gnu11;
				GCC_DYNAMIC_NO_PIC = NO;
				GCC_NO_COMMON_BLOCKS = YES;
				GCC_OPTIMIZATION_LEVEL = 0;
				GCC_PREPROCESSOR_DEFINITIONS = (
					"DEBUG=1",
					"$(inherited)",
				);
				GCC_WARN_64_TO_32_BIT_CONVERSION = YES;
				GCC_WARN_ABOUT_RETURN_TYPE = YES_ERROR;
				GCC_WARN_UNDECLARED_SELECTOR = YES;
				GCC_WARN_UNINITIALIZED_AUTOS = YES_AGGRESSIVE;
				GCC_WARN_UNUSED_FUNCTION = YES;
				GCC_WARN_UNUSED_VARIABLE = YES;
				IPHONEOS_DEPLOYMENT_TARGET = 15.4;
				MTL_ENABLE_DEBUG_INFO = INCLUDE_SOURCE;
				MTL_FAST_MATH = YES;
				ONLY_ACTIVE_ARCH = YES;
				SDKROOT = iphoneos;
				SWIFT_ACTIVE_COMPILATION_CONDITIONS = DEBUG;
				SWIFT_OPTIMIZATION_LEVEL = "-Onone";
			};
			name = Debug;
		};
		938E1FC128338EF9007EAB79 /* Release */ = {
			isa = XCBuildConfiguration;
			buildSettings = {
				ALWAYS_SEARCH_USER_PATHS = NO;
				CLANG_ANALYZER_NONNULL = YES;
				CLANG_ANALYZER_NUMBER_OBJECT_CONVERSION = YES_AGGRESSIVE;
				CLANG_CXX_LANGUAGE_STANDARD = "gnu++17";
				CLANG_ENABLE_MODULES = YES;
				CLANG_ENABLE_OBJC_ARC = YES;
				CLANG_ENABLE_OBJC_WEAK = YES;
				CLANG_WARN_BLOCK_CAPTURE_AUTORELEASING = YES;
				CLANG_WARN_BOOL_CONVERSION = YES;
				CLANG_WARN_COMMA = YES;
				CLANG_WARN_CONSTANT_CONVERSION = YES;
				CLANG_WARN_DEPRECATED_OBJC_IMPLEMENTATIONS = YES;
				CLANG_WARN_DIRECT_OBJC_ISA_USAGE = YES_ERROR;
				CLANG_WARN_DOCUMENTATION_COMMENTS = YES;
				CLANG_WARN_EMPTY_BODY = YES;
				CLANG_WARN_ENUM_CONVERSION = YES;
				CLANG_WARN_INFINITE_RECURSION = YES;
				CLANG_WARN_INT_CONVERSION = YES;
				CLANG_WARN_NON_LITERAL_NULL_CONVERSION = YES;
				CLANG_WARN_OBJC_IMPLICIT_RETAIN_SELF = YES;
				CLANG_WARN_OBJC_LITERAL_CONVERSION = YES;
				CLANG_WARN_OBJC_ROOT_CLASS = YES_ERROR;
				CLANG_WARN_QUOTED_INCLUDE_IN_FRAMEWORK_HEADER = YES;
				CLANG_WARN_RANGE_LOOP_ANALYSIS = YES;
				CLANG_WARN_STRICT_PROTOTYPES = YES;
				CLANG_WARN_SUSPICIOUS_MOVE = YES;
				CLANG_WARN_UNGUARDED_AVAILABILITY = YES_AGGRESSIVE;
				CLANG_WARN_UNREACHABLE_CODE = YES;
				CLANG_WARN__DUPLICATE_METHOD_MATCH = YES;
				COPY_PHASE_STRIP = NO;
				DEBUG_INFORMATION_FORMAT = "dwarf-with-dsym";
				ENABLE_NS_ASSERTIONS = NO;
				ENABLE_STRICT_OBJC_MSGSEND = YES;
				GCC_C_LANGUAGE_STANDARD = gnu11;
				GCC_NO_COMMON_BLOCKS = YES;
				GCC_WARN_64_TO_32_BIT_CONVERSION = YES;
				GCC_WARN_ABOUT_RETURN_TYPE = YES_ERROR;
				GCC_WARN_UNDECLARED_SELECTOR = YES;
				GCC_WARN_UNINITIALIZED_AUTOS = YES_AGGRESSIVE;
				GCC_WARN_UNUSED_FUNCTION = YES;
				GCC_WARN_UNUSED_VARIABLE = YES;
				IPHONEOS_DEPLOYMENT_TARGET = 15.4;
				MTL_ENABLE_DEBUG_INFO = NO;
				MTL_FAST_MATH = YES;
				SDKROOT = iphoneos;
				SWIFT_COMPILATION_MODE = wholemodule;
				SWIFT_OPTIMIZATION_LEVEL = "-O";
				VALIDATE_PRODUCT = YES;
			};
			name = Release;
		};
		938E1FC328338EF9007EAB79 /* Debug */ = {
			isa = XCBuildConfiguration;
			buildSettings = {
				ASSETCATALOG_COMPILER_APPICON_NAME = AppIcon;
				ASSETCATALOG_COMPILER_GLOBAL_ACCENT_COLOR_NAME = AccentColor;
				CODE_SIGN_STYLE = Automatic;
				CURRENT_PROJECT_VERSION = 1;
				DEVELOPMENT_TEAM = "";
				GENERATE_INFOPLIST_FILE = YES;
				INFOPLIST_FILE = VirtualTourist/Info.plist;
				INFOPLIST_KEY_UIApplicationSupportsIndirectInputEvents = YES;
				INFOPLIST_KEY_UILaunchStoryboardName = LaunchScreen;
				INFOPLIST_KEY_UIMainStoryboardFile = Main;
				INFOPLIST_KEY_UISupportedInterfaceOrientations_iPad = "UIInterfaceOrientationPortrait UIInterfaceOrientationPortraitUpsideDown UIInterfaceOrientationLandscapeLeft UIInterfaceOrientationLandscapeRight";
				INFOPLIST_KEY_UISupportedInterfaceOrientations_iPhone = "UIInterfaceOrientationPortrait UIInterfaceOrientationLandscapeLeft UIInterfaceOrientationLandscapeRight";
				LD_RUNPATH_SEARCH_PATHS = (
					"$(inherited)",
					"@executable_path/Frameworks",
				);
				MARKETING_VERSION = 1.0;
				PRODUCT_BUNDLE_IDENTIFIER = com.pickla.VirtualTourist;
				PRODUCT_NAME = "$(TARGET_NAME)";
				SWIFT_EMIT_LOC_STRINGS = YES;
				SWIFT_VERSION = 5.0;
				TARGETED_DEVICE_FAMILY = "1,2";
			};
			name = Debug;
		};
		938E1FC428338EF9007EAB79 /* Release */ = {
			isa = XCBuildConfiguration;
			buildSettings = {
				ASSETCATALOG_COMPILER_APPICON_NAME = AppIcon;
				ASSETCATALOG_COMPILER_GLOBAL_ACCENT_COLOR_NAME = AccentColor;
				CODE_SIGN_STYLE = Automatic;
				CURRENT_PROJECT_VERSION = 1;
				DEVELOPMENT_TEAM = "";
				GENERATE_INFOPLIST_FILE = YES;
				INFOPLIST_FILE = VirtualTourist/Info.plist;
				INFOPLIST_KEY_UIApplicationSupportsIndirectInputEvents = YES;
				INFOPLIST_KEY_UILaunchStoryboardName = LaunchScreen;
				INFOPLIST_KEY_UIMainStoryboardFile = Main;
				INFOPLIST_KEY_UISupportedInterfaceOrientations_iPad = "UIInterfaceOrientationPortrait UIInterfaceOrientationPortraitUpsideDown UIInterfaceOrientationLandscapeLeft UIInterfaceOrientationLandscapeRight";
				INFOPLIST_KEY_UISupportedInterfaceOrientations_iPhone = "UIInterfaceOrientationPortrait UIInterfaceOrientationLandscapeLeft UIInterfaceOrientationLandscapeRight";
				LD_RUNPATH_SEARCH_PATHS = (
					"$(inherited)",
					"@executable_path/Frameworks",
				);
				MARKETING_VERSION = 1.0;
				PRODUCT_BUNDLE_IDENTIFIER = com.pickla.VirtualTourist;
				PRODUCT_NAME = "$(TARGET_NAME)";
				SWIFT_EMIT_LOC_STRINGS = YES;
				SWIFT_VERSION = 5.0;
				TARGETED_DEVICE_FAMILY = "1,2";
			};
			name = Release;
		};
/* End XCBuildConfiguration section */

/* Begin XCConfigurationList section */
		938E1FA628338EF4007EAB79 /* Build configuration list for PBXProject "VirtualTourist" */ = {
			isa = XCConfigurationList;
			buildConfigurations = (
				938E1FC028338EF9007EAB79 /* Debug */,
				938E1FC128338EF9007EAB79 /* Release */,
			);
			defaultConfigurationIsVisible = 0;
			defaultConfigurationName = Release;
		};
		938E1FC228338EF9007EAB79 /* Build configuration list for PBXNativeTarget "VirtualTourist" */ = {
			isa = XCConfigurationList;
			buildConfigurations = (
				938E1FC328338EF9007EAB79 /* Debug */,
				938E1FC428338EF9007EAB79 /* Release */,
			);
			defaultConfigurationIsVisible = 0;
			defaultConfigurationName = Release;
		};
/* End XCConfigurationList section */

/* Begin XCRemoteSwiftPackageReference section */
		93323024283925BC0017AF7F /* XCRemoteSwiftPackageReference "NanoID" */ = {
			isa = XCRemoteSwiftPackageReference;
			repositoryURL = "https://github.com/ellliott/NanoID.git";
			requirement = {
				branch = master;
				kind = branch;
			};
		};
/* End XCRemoteSwiftPackageReference section */

/* Begin XCSwiftPackageProductDependency section */
		93323025283925BC0017AF7F /* NanoID */ = {
			isa = XCSwiftPackageProductDependency;
			package = 93323024283925BC0017AF7F /* XCRemoteSwiftPackageReference "NanoID" */;
			productName = NanoID;
		};
/* End XCSwiftPackageProductDependency section */

/* Begin XCVersionGroup section */
		938E1FB728338EF4007EAB79 /* VirtualTourist.xcdatamodeld */ = {
			isa = XCVersionGroup;
			children = (
				938E1FB828338EF4007EAB79 /* VirtualTourist.xcdatamodel */,
			);
			currentVersion = 938E1FB828338EF4007EAB79 /* VirtualTourist.xcdatamodel */;
			path = VirtualTourist.xcdatamodeld;
			sourceTree = "<group>";
			versionGroupType = wrapper.xcdatamodel;
		};
/* End XCVersionGroup section */
	};
	rootObject = 938E1FA328338EF4007EAB79 /* Project object */;
}
